
Microsoft Visual Studio Solution File, Format Version 12.00
Project("{8BC9CEB8-8B4A-11D0-8D11-00A0C91BC942}") = "Leetcode", "Leetcode\Leetcode.vcxproj", "{94CFF2AE-5264-4717-9FB0-06B8B9D13243}"
EndProject
Global
	GlobalSection(SolutionConfigurationPlatforms) = preSolution
		Debug|Win32 = Debug|Win32
		Debug|x64 = Debug|x64
		Release|Win32 = Release|Win32
		Release|x64 = Release|x64
	EndGlobalSection
	GlobalSection(ProjectConfigurationPlatforms) = postSolution
		{94CFF2AE-5264-4717-9FB0-06B8B9D13243}.Debug|Win32.ActiveCfg = Debug|Win32
		{94CFF2AE-5264-4717-9FB0-06B8B9D13243}.Debug|Win32.Build.0 = Debug|Win32
		{94CFF2AE-5264-4717-9FB0-06B8B9D13243}.Debug|x64.ActiveCfg = Debug|x64
		{94CFF2AE-5264-4717-9FB0-06B8B9D13243}.Debug|x64.Build.0 = Debug|x64
		{94CFF2AE-5264-4717-9FB0-06B8B9D13243}.Release|Win32.ActiveCfg = Release|Win32
		{94CFF2AE-5264-4717-9FB0-06B8B9D13243}.Release|Win32.Build.0 = Release|Win32
		{94CFF2AE-5264-4717-9FB0-06B8B9D13243}.Release|x64.ActiveCfg = Release|x64
		{94CFF2AE-5264-4717-9FB0-06B8B9D13243}.Release|x64.Build.0 = Release|x64
	EndGlobalSection
EndGlobal
